
Microsoft Visual Studio Solution File, Format Version 12.00
# Visual Studio Version 16
VisualStudioVersion = 16.0.31025.194
MinimumVisualStudioVersion = 10.0.40219.1
Project("{FAE04EC0-301F-11D3-BF4B-00C04F79EFBC}") = "UdemyUnitTest.APP", "UdemyUnitTest.APP\UdemyUnitTest.APP.csproj", "{EE50DADE-E9F9-4FAF-9E58-9515F4A83677}"
EndProject
Project("{FAE04EC0-301F-11D3-BF4B-00C04F79EFBC}") = "UdemyUnitTest.Test", "UdemyUnitTest.Test\UdemyUnitTest.Test.csproj", "{ACB04C4B-4286-4022-AC19-623E56898B62}"
EndProject
Global
	GlobalSection(SolutionConfigurationPlatforms) = preSolution
		Debug|Any CPU = Debug|Any CPU
		Release|Any CPU = Release|Any CPU
	EndGlobalSection
	GlobalSection(ProjectConfigurationPlatforms) = postSolution
		{EE50DADE-E9F9-4FAF-9E58-9515F4A83677}.Debug|Any CPU.ActiveCfg = Debug|Any CPU
		{EE50DADE-E9F9-4FAF-9E58-9515F4A83677}.Debug|Any CPU.Build.0 = Debug|Any CPU
		{EE50DADE-E9F9-4FAF-9E58-9515F4A83677}.Release|Any CPU.ActiveCfg = Release|Any CPU
		{EE50DADE-E9F9-4FAF-9E58-9515F4A83677}.Release|Any CPU.Build.0 = Release|Any CPU
		{ACB04C4B-4286-4022-AC19-623E56898B62}.Debug|Any CPU.ActiveCfg = Debug|Any CPU
		{ACB04C4B-4286-4022-AC19-623E56898B62}.Debug|Any CPU.Build.0 = Debug|Any CPU
		{ACB04C4B-4286-4022-AC19-623E56898B62}.Release|Any CPU.ActiveCfg = Release|Any CPU
		{ACB04C4B-4286-4022-AC19-623E56898B62}.Release|Any CPU.Build.0 = Release|Any CPU
	EndGlobalSection
	GlobalSection(SolutionProperties) = preSolution
		HideSolutionNode = FALSE
	EndGlobalSection
	GlobalSection(ExtensibilityGlobals) = postSolution
		SolutionGuid = {6D36C169-C3A4-46D6-AD93-BB8912F9D32E}
	EndGlobalSection
EndGlobal
